
Microsoft Visual Studio Solution File, Format Version 12.00
# Visual Studio Version 17
VisualStudioVersion = 17.1.32328.378
MinimumVisualStudioVersion = 10.0.40219.1
Project("{FAE04EC0-301F-11D3-BF4B-00C04F79EFBC}") = "EntegrasyonSistemi", "EntegrasyonSistemi\EntegrasyonSistemi.csproj", "{46D63C98-61E4-4497-B7DD-CEDB6508121E}"
EndProject
Global
	GlobalSection(SolutionConfigurationPlatforms) = preSolution
		Debug|Any CPU = Debug|Any CPU
		Release|Any CPU = Release|Any CPU
	EndGlobalSection
	GlobalSection(ProjectConfigurationPlatforms) = postSolution
		{46D63C98-61E4-4497-B7DD-CEDB6508121E}.Debug|Any CPU.ActiveCfg = Debug|Any CPU
		{46D63C98-61E4-4497-B7DD-CEDB6508121E}.Debug|Any CPU.Build.0 = Debug|Any CPU
		{46D63C98-61E4-4497-B7DD-CEDB6508121E}.Release|Any CPU.ActiveCfg = Release|Any CPU
		{46D63C98-61E4-4497-B7DD-CEDB6508121E}.Release|Any CPU.Build.0 = Release|Any CPU
	EndGlobalSection
	GlobalSection(SolutionProperties) = preSolution
		HideSolutionNode = FALSE
	EndGlobalSection
	GlobalSection(ExtensibilityGlobals) = postSolution
		SolutionGuid = {0E32F100-9D1C-4DBC-9E7A-E76E9D41E2E6}
	EndGlobalSection
EndGlobal
